
Microsoft Visual Studio Solution File, Format Version 12.00
# Visual Studio 15
VisualStudioVersion = 15.0.26403.7
MinimumVisualStudioVersion = 10.0.40219.1
Project("{D954291E-2A0B-460D-934E-DC6B0785DB48}") = "WicoSolar", "WicoSolar\WicoSolar.shproj", "{E6FF550D-147D-405E-AECB-065CA2DFB49A}"
EndProject
Global
	GlobalSection(SharedMSBuildProjectFiles) = preSolution
		WicoSolar\WicoSolar.projitems*{e6ff550d-147d-405e-aecb-065ca2dfb49a}*SharedItemsImports = 13
	EndGlobalSection
	GlobalSection(SolutionProperties) = preSolution
		HideSolutionNode = FALSE
	EndGlobalSection
EndGlobal
