
Microsoft Visual Studio Solution File, Format Version 12.00
# Visual Studio 15
VisualStudioVersion = 15.0.26403.7
MinimumVisualStudioVersion = 10.0.40219.1
Project("{D954291E-2A0B-460D-934E-DC6B0785DB48}") = "WicoOldNavInterface", "WicoOldNavInterface\WicoOldNavInterface.shproj", "{48726AA5-2501-4F7D-B1FD-A2B5EE8504C0}"
EndProject
Global
	GlobalSection(SharedMSBuildProjectFiles) = preSolution
		WicoOldNavInterface\WicoOldNavInterface.projitems*{48726aa5-2501-4f7d-b1fd-a2b5ee8504c0}*SharedItemsImports = 13
	EndGlobalSection
	GlobalSection(SolutionProperties) = preSolution
		HideSolutionNode = FALSE
	EndGlobalSection
EndGlobal
