
Microsoft Visual Studio Solution File, Format Version 12.00
# Visual Studio 15
VisualStudioVersion = 15.0.26403.7
MinimumVisualStudioVersion = 10.0.40219.1
Project("{D954291E-2A0B-460D-934E-DC6B0785DB48}") = "WicoPower", "WicoPower\WicoPower.shproj", "{38047FEE-EE7C-478F-B355-7B45F4CCB3E8}"
EndProject
Global
	GlobalSection(SharedMSBuildProjectFiles) = preSolution
		WicoPower\WicoPower.projitems*{38047fee-ee7c-478f-b355-7b45f4ccb3e8}*SharedItemsImports = 13
	EndGlobalSection
	GlobalSection(SolutionProperties) = preSolution
		HideSolutionNode = FALSE
	EndGlobalSection
EndGlobal
