
Microsoft Visual Studio Solution File, Format Version 12.00
# Visual Studio 15
VisualStudioVersion = 15.0.26730.10
MinimumVisualStudioVersion = 10.0.40219.1
Project("{D954291E-2A0B-460D-934E-DC6B0785DB48}") = "WicoNavRotors", "WicoNavRotors\WicoNavRotors.shproj", "{574E4BAA-03CB-4504-85BA-00907F28BAEC}"
EndProject
Global
	GlobalSection(SharedMSBuildProjectFiles) = preSolution
		WicoNavRotors\WicoNavRotors.projitems*{574e4baa-03cb-4504-85ba-00907f28baec}*SharedItemsImports = 13
	EndGlobalSection
	GlobalSection(SolutionProperties) = preSolution
		HideSolutionNode = FALSE
	EndGlobalSection
	GlobalSection(ExtensibilityGlobals) = postSolution
		SolutionGuid = {B95D7811-D460-4DB1-A71C-F24CA7EC2105}
	EndGlobalSection
EndGlobal
