
Microsoft Visual Studio Solution File, Format Version 12.00
# Visual Studio 15
VisualStudioVersion = 15.0.26403.7
MinimumVisualStudioVersion = 10.0.40219.1
Project("{D954291E-2A0B-460D-934E-DC6B0785DB48}") = "WicoDrills", "WicoDrills\WicoDrills.shproj", "{4DA7BC66-5B0E-436C-BD2A-CD063083F8D1}"
EndProject
Global
	GlobalSection(SharedMSBuildProjectFiles) = preSolution
		WicoDrills\WicoDrills.projitems*{4da7bc66-5b0e-436c-bd2a-cd063083f8d1}*SharedItemsImports = 13
	EndGlobalSection
	GlobalSection(SolutionProperties) = preSolution
		HideSolutionNode = FALSE
	EndGlobalSection
EndGlobal
