
Microsoft Visual Studio Solution File, Format Version 12.00
# Visual Studio 15
VisualStudioVersion = 15.0.26403.7
MinimumVisualStudioVersion = 10.0.40219.1
Project("{D954291E-2A0B-460D-934E-DC6B0785DB48}") = "WicoSerialize", "WicoSerialize\WicoSerialize.shproj", "{BF4282F6-A87F-4B4E-9C3B-8D6543623371}"
EndProject
Global
	GlobalSection(SharedMSBuildProjectFiles) = preSolution
		WicoSerialize\WicoSerialize.projitems*{bf4282f6-a87f-4b4e-9c3b-8d6543623371}*SharedItemsImports = 13
	EndGlobalSection
	GlobalSection(SolutionProperties) = preSolution
		HideSolutionNode = FALSE
	EndGlobalSection
EndGlobal
