
Microsoft Visual Studio Solution File, Format Version 12.00
# Visual Studio 15
VisualStudioVersion = 15.0.28307.572
MinimumVisualStudioVersion = 10.0.40219.1
Project("{D954291E-2A0B-460D-934E-DC6B0785DB48}") = "NavCommon", "NavCommon\NavCommon.shproj", "{61EBA249-19F3-48B6-A25B-A4CEE90168BA}"
EndProject
Global
	GlobalSection(SharedMSBuildProjectFiles) = preSolution
		NavCommon\NavCommon.projitems*{61eba249-19f3-48b6-a25b-a4cee90168ba}*SharedItemsImports = 13
	EndGlobalSection
	GlobalSection(SolutionProperties) = preSolution
		HideSolutionNode = FALSE
	EndGlobalSection
	GlobalSection(ExtensibilityGlobals) = postSolution
		SolutionGuid = {08D120D7-496E-41B4-84C2-440BEF0C2825}
	EndGlobalSection
EndGlobal
