
Microsoft Visual Studio Solution File, Format Version 12.00
# Visual Studio 15
VisualStudioVersion = 15.0.26730.10
MinimumVisualStudioVersion = 10.0.40219.1
Project("{D954291E-2A0B-460D-934E-DC6B0785DB48}") = "AvionicsGyroControl", "AvionicsGyroControl\AvionicsGyroControl.shproj", "{3FC57F14-1686-4214-BDEF-9693ED82C2F2}"
EndProject
Global
	GlobalSection(SharedMSBuildProjectFiles) = preSolution
		AvionicsGyroControl\AvionicsGyroControl.projitems*{3fc57f14-1686-4214-bdef-9693ed82c2f2}*SharedItemsImports = 13
	EndGlobalSection
	GlobalSection(SolutionProperties) = preSolution
		HideSolutionNode = FALSE
	EndGlobalSection
	GlobalSection(ExtensibilityGlobals) = postSolution
		SolutionGuid = {65DD91A9-6B7C-48AC-94C6-478E9CE9850B}
	EndGlobalSection
EndGlobal
