
Microsoft Visual Studio Solution File, Format Version 12.00
# Visual Studio 15
VisualStudioVersion = 15.0.26730.10
MinimumVisualStudioVersion = 10.0.40219.1
Project("{D954291E-2A0B-460D-934E-DC6B0785DB48}") = "ModeDocking", "ModeDocking\ModeDocking.shproj", "{30B8B36E-F37D-4CCC-B5D2-BF5C371BAF98}"
EndProject
Global
	GlobalSection(SharedMSBuildProjectFiles) = preSolution
		ModeDocking\ModeDocking.projitems*{30b8b36e-f37d-4ccc-b5d2-bf5c371baf98}*SharedItemsImports = 13
	EndGlobalSection
	GlobalSection(SolutionProperties) = preSolution
		HideSolutionNode = FALSE
	EndGlobalSection
	GlobalSection(ExtensibilityGlobals) = postSolution
		SolutionGuid = {3B16AEB5-5E55-4300-875F-5D0EF88DD169}
	EndGlobalSection
EndGlobal
