
Microsoft Visual Studio Solution File, Format Version 12.00
# Visual Studio 15
VisualStudioVersion = 15.0.26403.7
MinimumVisualStudioVersion = 10.0.40219.1
Project("{D954291E-2A0B-460D-934E-DC6B0785DB48}") = "WicoCargoCheck", "WicoCargoCheck\WicoCargoCheck.shproj", "{454A1ADD-74AF-42FB-8FE9-A272BA4D7DDE}"
EndProject
Global
	GlobalSection(SharedMSBuildProjectFiles) = preSolution
		WicoCargoCheck\WicoCargoCheck.projitems*{454a1add-74af-42fb-8fe9-a272ba4d7dde}*SharedItemsImports = 13
	EndGlobalSection
	GlobalSection(SolutionProperties) = preSolution
		HideSolutionNode = FALSE
	EndGlobalSection
EndGlobal
