
Microsoft Visual Studio Solution File, Format Version 12.00
# Visual Studio 15
VisualStudioVersion = 15.0.26403.7
MinimumVisualStudioVersion = 10.0.40219.1
Project("{D954291E-2A0B-460D-934E-DC6B0785DB48}") = "WicoAntenna", "WicoAntenna\WicoAntenna.shproj", "{90E13F91-D516-48EA-B357-A7816D5FCEEF}"
EndProject
Global
	GlobalSection(SharedMSBuildProjectFiles) = preSolution
		WicoAntenna\WicoAntenna.projitems*{90e13f91-d516-48ea-b357-a7816d5fceef}*SharedItemsImports = 13
	EndGlobalSection
	GlobalSection(SolutionProperties) = preSolution
		HideSolutionNode = FALSE
	EndGlobalSection
EndGlobal
