
Microsoft Visual Studio Solution File, Format Version 12.00
# Visual Studio 15
VisualStudioVersion = 15.0.28307.572
MinimumVisualStudioVersion = 10.0.40219.1
Project("{FAE04EC0-301F-11D3-BF4B-00C04F79EFBC}") = "MDK IGC Example 2", "MDK IGC Example 2\MDK IGC Example 2.csproj", "{B0B37766-11F4-4481-981C-C85A7BC4700D}"
EndProject
Global
	GlobalSection(SolutionConfigurationPlatforms) = preSolution
		Debug|x64 = Debug|x64
	EndGlobalSection
	GlobalSection(ProjectConfigurationPlatforms) = postSolution
		{B0B37766-11F4-4481-981C-C85A7BC4700D}.Debug|x64.ActiveCfg = Debug|x64
		{B0B37766-11F4-4481-981C-C85A7BC4700D}.Debug|x64.Build.0 = Debug|x64
	EndGlobalSection
	GlobalSection(SolutionProperties) = preSolution
		HideSolutionNode = FALSE
	EndGlobalSection
	GlobalSection(ExtensibilityGlobals) = postSolution
		SolutionGuid = {A6081D7C-0EFC-4991-ACA1-C487FB181D34}
	EndGlobalSection
EndGlobal
