
Microsoft Visual Studio Solution File, Format Version 12.00
# Visual Studio 15
VisualStudioVersion = 15.0.26403.7
MinimumVisualStudioVersion = 10.0.40219.1
Project("{D954291E-2A0B-460D-934E-DC6B0785DB48}") = "WicoGasGens", "WicoGasGens\WicoGasGens.shproj", "{85A26D0E-61E6-4E70-B394-7216BDF0B2A5}"
EndProject
Global
	GlobalSection(SharedMSBuildProjectFiles) = preSolution
		WicoGasGens\WicoGasGens.projitems*{85a26d0e-61e6-4e70-b394-7216bdf0b2a5}*SharedItemsImports = 13
	EndGlobalSection
	GlobalSection(SolutionProperties) = preSolution
		HideSolutionNode = FALSE
	EndGlobalSection
EndGlobal
