
Microsoft Visual Studio Solution File, Format Version 12.00
# Visual Studio 15
VisualStudioVersion = 15.0.26403.7
MinimumVisualStudioVersion = 10.0.40219.1
Project("{D954291E-2A0B-460D-934E-DC6B0785DB48}") = "WicoWheels", "WicoWheels\WicoWheels.shproj", "{4630A8EC-523A-4D35-B2C7-59041653653B}"
EndProject
Global
	GlobalSection(SharedMSBuildProjectFiles) = preSolution
		WicoWheels\WicoWheels.projitems*{4630a8ec-523a-4d35-b2c7-59041653653b}*SharedItemsImports = 13
	EndGlobalSection
	GlobalSection(SolutionProperties) = preSolution
		HideSolutionNode = FALSE
	EndGlobalSection
EndGlobal
