
Microsoft Visual Studio Solution File, Format Version 12.00
# Visual Studio 15
VisualStudioVersion = 15.0.26730.10
MinimumVisualStudioVersion = 10.0.40219.1
Project("{D954291E-2A0B-460D-934E-DC6B0785DB48}") = "ModeMinerSearch", "ModeMinerSearch\ModeMinerSearch.shproj", "{FDE58C62-DD08-4081-81F4-3B505E91619B}"
EndProject
Global
	GlobalSection(SharedMSBuildProjectFiles) = preSolution
		ModeMinerSearch\ModeMinerSearch.projitems*{fde58c62-dd08-4081-81f4-3b505e91619b}*SharedItemsImports = 13
	EndGlobalSection
	GlobalSection(SolutionProperties) = preSolution
		HideSolutionNode = FALSE
	EndGlobalSection
	GlobalSection(ExtensibilityGlobals) = postSolution
		SolutionGuid = {08DD4085-9CFA-4356-B873-78F2AD140A0B}
	EndGlobalSection
EndGlobal
