
Microsoft Visual Studio Solution File, Format Version 12.00
# Visual Studio 15
VisualStudioVersion = 15.0.26403.7
MinimumVisualStudioVersion = 10.0.40219.1
Project("{D954291E-2A0B-460D-934E-DC6B0785DB48}") = "WicoGasTanks", "WicoGasTanks\WicoGasTanks.shproj", "{2118E240-D5FE-4B28-98FD-23DD8A1D7C7D}"
EndProject
Global
	GlobalSection(SharedMSBuildProjectFiles) = preSolution
		WicoGasTanks\WicoGasTanks.projitems*{2118e240-d5fe-4b28-98fd-23dd8a1d7c7d}*SharedItemsImports = 13
	EndGlobalSection
	GlobalSection(SolutionProperties) = preSolution
		HideSolutionNode = FALSE
	EndGlobalSection
EndGlobal
