
Microsoft Visual Studio Solution File, Format Version 12.00
# Visual Studio 15
VisualStudioVersion = 15.0.26403.7
MinimumVisualStudioVersion = 10.0.40219.1
Project("{D954291E-2A0B-460D-934E-DC6B0785DB48}") = "WicoThrusters", "WicoThrusters\WicoThrusters.shproj", "{16D5D301-E8CA-45E6-B9D9-968F6D1AA766}"
EndProject
Global
	GlobalSection(SharedMSBuildProjectFiles) = preSolution
		WicoThrusters\WicoThrusters.projitems*{16d5d301-e8ca-45e6-b9d9-968f6d1aa766}*SharedItemsImports = 13
	EndGlobalSection
	GlobalSection(SolutionProperties) = preSolution
		HideSolutionNode = FALSE
	EndGlobalSection
EndGlobal
