
Microsoft Visual Studio Solution File, Format Version 12.00
# Visual Studio Version 16
VisualStudioVersion = 16.0.30907.101
MinimumVisualStudioVersion = 10.0.40219.1
Project("{D954291E-2A0B-460D-934E-DC6B0785DB48}") = "Merge", "Merge\Merge.shproj", "{61EBA249-19F3-48B6-A25B-A4CEE90168BA}"
EndProject
Global
	GlobalSection(SharedMSBuildProjectFiles) = preSolution
		Merge\Merge.projitems*{61eba249-19f3-48b6-a25b-a4cee90168ba}*SharedItemsImports = 13
	EndGlobalSection
	GlobalSection(SolutionProperties) = preSolution
		HideSolutionNode = FALSE
	EndGlobalSection
	GlobalSection(ExtensibilityGlobals) = postSolution
		SolutionGuid = {7D4E79F5-E67A-471A-A557-468597C6D744}
	EndGlobalSection
EndGlobal
