
Microsoft Visual Studio Solution File, Format Version 12.00
# Visual Studio 15
VisualStudioVersion = 15.0.26730.10
MinimumVisualStudioVersion = 10.0.40219.1
Project("{D954291E-2A0B-460D-934E-DC6B0785DB48}") = "WicoLogging", "WicoLogging\WicoLogging.shproj", "{32D852B8-42D6-4830-B17C-E738EAFF2158}"
EndProject
Global
	GlobalSection(SharedMSBuildProjectFiles) = preSolution
		WicoLogging\WicoLogging.projitems*{32d852b8-42d6-4830-b17c-e738eaff2158}*SharedItemsImports = 13
	EndGlobalSection
	GlobalSection(SolutionProperties) = preSolution
		HideSolutionNode = FALSE
	EndGlobalSection
	GlobalSection(ExtensibilityGlobals) = postSolution
		SolutionGuid = {0C0A43B5-EE82-48B9-A211-F10EFB1AA3BF}
	EndGlobalSection
EndGlobal
