
Microsoft Visual Studio Solution File, Format Version 12.00
# Visual Studio 15
VisualStudioVersion = 15.0.26730.10
MinimumVisualStudioVersion = 10.0.40219.1
Project("{D954291E-2A0B-460D-934E-DC6B0785DB48}") = "WicoTravelMovement", "WicoTravelMovement\WicoTravelMovement.shproj", "{4A5A1957-600D-44C6-BE65-9EC80FCA41CD}"
EndProject
Global
	GlobalSection(SharedMSBuildProjectFiles) = preSolution
		WicoTravelMovement\WicoTravelMovement.projitems*{4a5a1957-600d-44c6-be65-9ec80fca41cd}*SharedItemsImports = 13
	EndGlobalSection
	GlobalSection(SolutionProperties) = preSolution
		HideSolutionNode = FALSE
	EndGlobalSection
	GlobalSection(ExtensibilityGlobals) = postSolution
		SolutionGuid = {0B3AC26F-E421-4748-9453-F5C9D8831527}
	EndGlobalSection
EndGlobal
