
Microsoft Visual Studio Solution File, Format Version 12.00
# Visual Studio 15
VisualStudioVersion = 15.0.26403.7
MinimumVisualStudioVersion = 10.0.40219.1
Project("{D954291E-2A0B-460D-934E-DC6B0785DB48}") = "ShipRoll", "ShipRoll\ShipRoll.shproj", "{DAFAD80C-E6BA-4F09-B4C8-EC000242F3E6}"
EndProject
Global
	GlobalSection(SharedMSBuildProjectFiles) = preSolution
		ShipRoll\ShipRoll.projitems*{dafad80c-e6ba-4f09-b4c8-ec000242f3e6}*SharedItemsImports = 13
	EndGlobalSection
	GlobalSection(SolutionProperties) = preSolution
		HideSolutionNode = FALSE
	EndGlobalSection
EndGlobal
