
Microsoft Visual Studio Solution File, Format Version 12.00
# Visual Studio 15
VisualStudioVersion = 15.0.26403.7
MinimumVisualStudioVersion = 10.0.40219.1
Project("{D954291E-2A0B-460D-934E-DC6B0785DB48}") = "WicoModes", "WicoModes\WicoModes.shproj", "{FF33A42F-DA7B-48F2-BD4A-2471D51F7898}"
EndProject
Global
	GlobalSection(SharedMSBuildProjectFiles) = preSolution
		WicoModes\WicoModes.projitems*{ff33a42f-da7b-48f2-bd4a-2471d51f7898}*SharedItemsImports = 13
	EndGlobalSection
	GlobalSection(SolutionProperties) = preSolution
		HideSolutionNode = FALSE
	EndGlobalSection
EndGlobal
