
Microsoft Visual Studio Solution File, Format Version 12.00
# Visual Studio 15
VisualStudioVersion = 15.0.26403.7
MinimumVisualStudioVersion = 10.0.40219.1
Project("{D954291E-2A0B-460D-934E-DC6B0785DB48}") = "WicoDetectedEntities", "WicoDetectedEntities\WicoDetectedEntities.shproj", "{F4A99AE8-36F6-4801-A032-8A03E3D52220}"
EndProject
Global
	GlobalSection(SharedMSBuildProjectFiles) = preSolution
		WicoDetectedEntities\WicoDetectedEntities.projitems*{f4a99ae8-36f6-4801-a032-8a03e3d52220}*SharedItemsImports = 13
	EndGlobalSection
	GlobalSection(SolutionProperties) = preSolution
		HideSolutionNode = FALSE
	EndGlobalSection
EndGlobal
