
Microsoft Visual Studio Solution File, Format Version 12.00
# Visual Studio 15
VisualStudioVersion = 15.0.26403.7
MinimumVisualStudioVersion = 10.0.40219.1
Project("{D954291E-2A0B-460D-934E-DC6B0785DB48}") = "BatteryCheck", "BatteryCheck\BatteryCheck.shproj", "{6322F24C-7106-4B4A-B569-AF880F4EFD5E}"
EndProject
Global
	GlobalSection(SharedMSBuildProjectFiles) = preSolution
		BatteryCheck\BatteryCheck.projitems*{6322f24c-7106-4b4a-b569-af880f4efd5e}*SharedItemsImports = 13
	EndGlobalSection
	GlobalSection(SolutionProperties) = preSolution
		HideSolutionNode = FALSE
	EndGlobalSection
EndGlobal
