
Microsoft Visual Studio Solution File, Format Version 12.00
# Visual Studio 15
VisualStudioVersion = 15.0.26403.7
MinimumVisualStudioVersion = 10.0.40219.1
Project("{D954291E-2A0B-460D-934E-DC6B0785DB48}") = "WicoSubModuleMain", "WicoSubModuleMain\WicoSubModuleMain.shproj", "{5731B863-8478-4F96-99FE-914DEFFB6B79}"
EndProject
Global
	GlobalSection(SharedMSBuildProjectFiles) = preSolution
		WicoSubModuleMain\WicoSubModuleMain.projitems*{5731b863-8478-4f96-99fe-914deffb6b79}*SharedItemsImports = 13
	EndGlobalSection
	GlobalSection(SolutionProperties) = preSolution
		HideSolutionNode = FALSE
	EndGlobalSection
EndGlobal
