
Microsoft Visual Studio Solution File, Format Version 12.00
# Visual Studio 15
VisualStudioVersion = 15.0.26730.10
MinimumVisualStudioVersion = 10.0.40219.1
Project("{D954291E-2A0B-460D-934E-DC6B0785DB48}") = "ModeLaunch", "ModeLaunch\ModeLaunch.shproj", "{6AA698BF-EA52-4E7A-9631-240B448D5685}"
EndProject
Global
	GlobalSection(SharedMSBuildProjectFiles) = preSolution
		ModeLaunch\ModeLaunch.projitems*{6aa698bf-ea52-4e7a-9631-240b448d5685}*SharedItemsImports = 13
	EndGlobalSection
	GlobalSection(SolutionProperties) = preSolution
		HideSolutionNode = FALSE
	EndGlobalSection
	GlobalSection(ExtensibilityGlobals) = postSolution
		SolutionGuid = {61633271-8D9B-4C1E-AED8-E3C52D3DC582}
	EndGlobalSection
EndGlobal
