
Microsoft Visual Studio Solution File, Format Version 12.00
# Visual Studio 15
VisualStudioVersion = 15.0.26403.7
MinimumVisualStudioVersion = 10.0.40219.1
Project("{D954291E-2A0B-460D-934E-DC6B0785DB48}") = "ShipDim", "ShipDim\ShipDim.shproj", "{AEFC326F-3C23-4445-9EE3-0F4ACD440C5F}"
EndProject
Global
	GlobalSection(SharedMSBuildProjectFiles) = preSolution
		ShipDim\ShipDim.projitems*{aefc326f-3c23-4445-9ee3-0f4acd440c5f}*SharedItemsImports = 13
	EndGlobalSection
	GlobalSection(SolutionProperties) = preSolution
		HideSolutionNode = FALSE
	EndGlobalSection
EndGlobal
