
Microsoft Visual Studio Solution File, Format Version 12.00
# Visual Studio 15
VisualStudioVersion = 15.0.26403.7
MinimumVisualStudioVersion = 10.0.40219.1
Project("{D954291E-2A0B-460D-934E-DC6B0785DB48}") = "WicoConnectors", "WicoConnectors\WicoConnectors.shproj", "{EBDC9B7F-652A-45BC-90C3-D16B2E3A6914}"
EndProject
Global
	GlobalSection(SharedMSBuildProjectFiles) = preSolution
		WicoConnectors\WicoConnectors.projitems*{ebdc9b7f-652a-45bc-90c3-d16b2e3a6914}*SharedItemsImports = 13
	EndGlobalSection
	GlobalSection(SolutionProperties) = preSolution
		HideSolutionNode = FALSE
	EndGlobalSection
EndGlobal
