
Microsoft Visual Studio Solution File, Format Version 12.00
# Visual Studio 15
VisualStudioVersion = 15.0.26730.10
MinimumVisualStudioVersion = 10.0.40219.1
Project("{D954291E-2A0B-460D-934E-DC6B0785DB48}") = "ModeOrbitalLaunch", "ModeOrbitalLaunch\ModeOrbitalLaunch.shproj", "{435F0FFC-37C5-41DF-8C40-C960DDC53B15}"
EndProject
Global
	GlobalSection(SharedMSBuildProjectFiles) = preSolution
		ModeOrbitalLaunch\ModeOrbitalLaunch.projitems*{435f0ffc-37c5-41df-8c40-c960ddc53b15}*SharedItemsImports = 13
	EndGlobalSection
	GlobalSection(SolutionProperties) = preSolution
		HideSolutionNode = FALSE
	EndGlobalSection
	GlobalSection(ExtensibilityGlobals) = postSolution
		SolutionGuid = {171264C1-B8D2-4E45-865E-623B346114E4}
	EndGlobalSection
EndGlobal
