
Microsoft Visual Studio Solution File, Format Version 12.00
# Visual Studio 15
VisualStudioVersion = 15.0.26730.8
MinimumVisualStudioVersion = 10.0.40219.1
Project("{D954291E-2A0B-460D-934E-DC6B0785DB48}") = "WicoAirVents", "WicoAirVents\WicoAirVents.shproj", "{774DE04D-ECF6-4033-9A00-7C04EC3A2934}"
EndProject
Global
	GlobalSection(SharedMSBuildProjectFiles) = preSolution
		WicoAirVents\WicoAirVents.projitems*{774de04d-ecf6-4033-9a00-7c04ec3a2934}*SharedItemsImports = 13
	EndGlobalSection
	GlobalSection(SolutionProperties) = preSolution
		HideSolutionNode = FALSE
	EndGlobalSection
	GlobalSection(ExtensibilityGlobals) = postSolution
		SolutionGuid = {93E7281B-1898-42C2-8C98-7E305F9B7146}
	EndGlobalSection
EndGlobal
