
Microsoft Visual Studio Solution File, Format Version 12.00
# Visual Studio 15
VisualStudioVersion = 15.0.26730.10
MinimumVisualStudioVersion = 10.0.40219.1
Project("{D954291E-2A0B-460D-934E-DC6B0785DB48}") = "WicoSensors", "WicoSensors\WicoSensors.shproj", "{AE623794-2E25-4618-8B26-965CFDB814CE}"
EndProject
Global
	GlobalSection(SharedMSBuildProjectFiles) = preSolution
		WicoSensors\WicoSensors.projitems*{ae623794-2e25-4618-8b26-965cfdb814ce}*SharedItemsImports = 13
	EndGlobalSection
	GlobalSection(SolutionProperties) = preSolution
		HideSolutionNode = FALSE
	EndGlobalSection
	GlobalSection(ExtensibilityGlobals) = postSolution
		SolutionGuid = {84F2B811-81CD-4CC4-A612-627666BD007D}
	EndGlobalSection
EndGlobal
