
Microsoft Visual Studio Solution File, Format Version 12.00
# Visual Studio 15
VisualStudioVersion = 15.0.26403.7
MinimumVisualStudioVersion = 10.0.40219.1
Project("{D954291E-2A0B-460D-934E-DC6B0785DB48}") = "WicoGrid", "WicoGrid\WicoGrid.shproj", "{CD5D65C2-F2C3-4A71-9C46-ADE848DFF34B}"
EndProject
Global
	GlobalSection(SharedMSBuildProjectFiles) = preSolution
		WicoGrid\WicoGrid.projitems*{cd5d65c2-f2c3-4a71-9c46-ade848dff34b}*SharedItemsImports = 13
	EndGlobalSection
	GlobalSection(SolutionProperties) = preSolution
		HideSolutionNode = FALSE
	EndGlobalSection
EndGlobal
