
Microsoft Visual Studio Solution File, Format Version 12.00
# Visual Studio 15
VisualStudioVersion = 15.0.26403.7
MinimumVisualStudioVersion = 10.0.40219.1
Project("{D954291E-2A0B-460D-934E-DC6B0785DB48}") = "SharedWicoGyro", "SharedWicoGyro\SharedWicoGyro.shproj", "{405CD3AB-B8E0-4C7D-B1F8-48199354B480}"
EndProject
Global
	GlobalSection(SharedMSBuildProjectFiles) = preSolution
		SharedWicoGyro\SharedWicoGyro.projitems*{405cd3ab-b8e0-4c7d-b1f8-48199354b480}*SharedItemsImports = 13
	EndGlobalSection
	GlobalSection(SolutionProperties) = preSolution
		HideSolutionNode = FALSE
	EndGlobalSection
EndGlobal
