
Microsoft Visual Studio Solution File, Format Version 12.00
# Visual Studio 15
VisualStudioVersion = 15.0.26403.7
MinimumVisualStudioVersion = 10.0.40219.1
Project("{D954291E-2A0B-460D-934E-DC6B0785DB48}") = "WicoDoors", "WicoDoors\WicoDoors.shproj", "{4CD3FF7D-0E20-4026-9823-79C99173309C}"
EndProject
Global
	GlobalSection(SharedMSBuildProjectFiles) = preSolution
		WicoDoors\WicoDoors.projitems*{4cd3ff7d-0e20-4026-9823-79c99173309c}*SharedItemsImports = 13
	EndGlobalSection
	GlobalSection(SolutionProperties) = preSolution
		HideSolutionNode = FALSE
	EndGlobalSection
EndGlobal
