
Microsoft Visual Studio Solution File, Format Version 12.00
# Visual Studio 15
VisualStudioVersion = 15.0.26730.10
MinimumVisualStudioVersion = 10.0.40219.1
Project("{D954291E-2A0B-460D-934E-DC6B0785DB48}") = "WicoBases", "WicoBases\WicoBases.shproj", "{8DED091E-DF6F-490C-8644-D4AFFA6FF7ED}"
EndProject
Global
	GlobalSection(SharedMSBuildProjectFiles) = preSolution
		WicoBases\WicoBases.projitems*{8ded091e-df6f-490c-8644-d4affa6ff7ed}*SharedItemsImports = 13
	EndGlobalSection
	GlobalSection(SolutionProperties) = preSolution
		HideSolutionNode = FALSE
	EndGlobalSection
	GlobalSection(ExtensibilityGlobals) = postSolution
		SolutionGuid = {8B6D57DE-89C0-4A27-8685-256543E355AF}
	EndGlobalSection
EndGlobal
