
Microsoft Visual Studio Solution File, Format Version 12.00
# Visual Studio 15
VisualStudioVersion = 15.0.26403.7
MinimumVisualStudioVersion = 10.0.40219.1
Project("{D954291E-2A0B-460D-934E-DC6B0785DB48}") = "WicoLandingGears", "WicoLandingGears\WicoLandingGears.shproj", "{784351FF-951D-468A-8548-89FBD6129569}"
EndProject
Global
	GlobalSection(SharedMSBuildProjectFiles) = preSolution
		WicoLandingGears\WicoLandingGears.projitems*{784351ff-951d-468a-8548-89fbd6129569}*SharedItemsImports = 13
	EndGlobalSection
	GlobalSection(SolutionProperties) = preSolution
		HideSolutionNode = FALSE
	EndGlobalSection
EndGlobal
