
Microsoft Visual Studio Solution File, Format Version 12.00
# Visual Studio 15
VisualStudioVersion = 15.0.26730.10
MinimumVisualStudioVersion = 10.0.40219.1
Project("{D954291E-2A0B-460D-934E-DC6B0785DB48}") = "WicoLights", "WicoLights\WicoLights.shproj", "{85DC7D02-B126-4C3C-9640-D2257F2DD37A}"
EndProject
Global
	GlobalSection(SharedMSBuildProjectFiles) = preSolution
		WicoLights\WicoLights.projitems*{85dc7d02-b126-4c3c-9640-d2257f2dd37a}*SharedItemsImports = 13
	EndGlobalSection
	GlobalSection(SolutionProperties) = preSolution
		HideSolutionNode = FALSE
	EndGlobalSection
	GlobalSection(ExtensibilityGlobals) = postSolution
		SolutionGuid = {774B84D4-9D2D-4752-9094-87D1CEAFCD84}
	EndGlobalSection
EndGlobal
