
Microsoft Visual Studio Solution File, Format Version 12.00
# Visual Studio 15
VisualStudioVersion = 15.0.26730.10
MinimumVisualStudioVersion = 10.0.40219.1
Project("{D954291E-2A0B-460D-934E-DC6B0785DB48}") = "WicoOre", "WicoOre\WicoOre.shproj", "{00C60F2D-4AC4-4A0C-8FC5-F610A7FDDF5C}"
EndProject
Global
	GlobalSection(SharedMSBuildProjectFiles) = preSolution
		WicoOre\WicoOre.projitems*{00c60f2d-4ac4-4a0c-8fc5-f610a7fddf5c}*SharedItemsImports = 13
	EndGlobalSection
	GlobalSection(SolutionProperties) = preSolution
		HideSolutionNode = FALSE
	EndGlobalSection
	GlobalSection(ExtensibilityGlobals) = postSolution
		SolutionGuid = {AE61258B-7FCF-4243-BC72-F9BD5957F308}
	EndGlobalSection
EndGlobal
