
Microsoft Visual Studio Solution File, Format Version 12.00
# Visual Studio 15
VisualStudioVersion = 15.0.28307.168
MinimumVisualStudioVersion = 10.0.40219.1
Project("{FAE04EC0-301F-11D3-BF4B-00C04F79EFBC}") = "SECommTest", "SECommTest\SECommTest.csproj", "{1C45C481-664B-4341-824C-AA4F58240091}"
EndProject
Global
	GlobalSection(SolutionConfigurationPlatforms) = preSolution
		Debug|x64 = Debug|x64
	EndGlobalSection
	GlobalSection(ProjectConfigurationPlatforms) = postSolution
		{1C45C481-664B-4341-824C-AA4F58240091}.Debug|x64.ActiveCfg = Debug|x64
		{1C45C481-664B-4341-824C-AA4F58240091}.Debug|x64.Build.0 = Debug|x64
	EndGlobalSection
	GlobalSection(SolutionProperties) = preSolution
		HideSolutionNode = FALSE
	EndGlobalSection
	GlobalSection(ExtensibilityGlobals) = postSolution
		SolutionGuid = {E18A941C-26D5-42FB-94FE-006E18303085}
	EndGlobalSection
EndGlobal
