
Microsoft Visual Studio Solution File, Format Version 12.00
# Visual Studio 15
VisualStudioVersion = 15.0.26403.7
MinimumVisualStudioVersion = 10.0.40219.1
Project("{D954291E-2A0B-460D-934E-DC6B0785DB48}") = "WicoCraftMain", "WicoCraftMain\WicoCraftMain.shproj", "{FA8F37CD-BE12-4622-86BB-64CDD4E1B8F9}"
EndProject
Global
	GlobalSection(SharedMSBuildProjectFiles) = preSolution
		WicoCraftMain\WicoCraftMain.projitems*{fa8f37cd-be12-4622-86bb-64cdd4e1b8f9}*SharedItemsImports = 13
	EndGlobalSection
	GlobalSection(SolutionProperties) = preSolution
		HideSolutionNode = FALSE
	EndGlobalSection
EndGlobal
