
Microsoft Visual Studio Solution File, Format Version 12.00
# Visual Studio 15
VisualStudioVersion = 15.0.26403.7
MinimumVisualStudioVersion = 10.0.40219.1
Project("{D954291E-2A0B-460D-934E-DC6B0785DB48}") = "WicoCameras", "WicoCameras\WicoCameras.shproj", "{B867062B-EBC6-479B-847C-7B7B95836A9B}"
EndProject
Global
	GlobalSection(SharedMSBuildProjectFiles) = preSolution
		WicoCameras\WicoCameras.projitems*{b867062b-ebc6-479b-847c-7b7b95836a9b}*SharedItemsImports = 13
	EndGlobalSection
	GlobalSection(SolutionProperties) = preSolution
		HideSolutionNode = FALSE
	EndGlobalSection
EndGlobal
