
Microsoft Visual Studio Solution File, Format Version 12.00
# Visual Studio 15
VisualStudioVersion = 15.0.26730.10
MinimumVisualStudioVersion = 10.0.40219.1
Project("{D954291E-2A0B-460D-934E-DC6B0785DB48}") = "ModeRelaunch", "ModeRelaunch\ModeRelaunch.shproj", "{B1319409-5CA7-49AF-970E-87E5A36448F1}"
EndProject
Global
	GlobalSection(SharedMSBuildProjectFiles) = preSolution
		ModeRelaunch\ModeRelaunch.projitems*{b1319409-5ca7-49af-970e-87e5a36448f1}*SharedItemsImports = 13
	EndGlobalSection
	GlobalSection(SolutionProperties) = preSolution
		HideSolutionNode = FALSE
	EndGlobalSection
	GlobalSection(ExtensibilityGlobals) = postSolution
		SolutionGuid = {154305B5-8D31-45D4-96E2-83789A7FDFBF}
	EndGlobalSection
EndGlobal
